
Microsoft Visual Studio Solution File, Format Version 12.00
# Visual Studio Version 17
VisualStudioVersion = 17.5.33530.505
MinimumVisualStudioVersion = 10.0.40219.1
Project("{FAE04EC0-301F-11D3-BF4B-00C04F79EFBC}") = "proyecto-franco-libertini", "proyecto-franco-libertini\proyecto-franco-libertini.csproj", "{4033825C-6BE7-4BCD-8E47-A707B4BE7FF3}"
EndProject
Global
	GlobalSection(SolutionConfigurationPlatforms) = preSolution
		Debug|Any CPU = Debug|Any CPU
		Release|Any CPU = Release|Any CPU
	EndGlobalSection
	GlobalSection(ProjectConfigurationPlatforms) = postSolution
		{4033825C-6BE7-4BCD-8E47-A707B4BE7FF3}.Debug|Any CPU.ActiveCfg = Debug|Any CPU
		{4033825C-6BE7-4BCD-8E47-A707B4BE7FF3}.Debug|Any CPU.Build.0 = Debug|Any CPU
		{4033825C-6BE7-4BCD-8E47-A707B4BE7FF3}.Release|Any CPU.ActiveCfg = Release|Any CPU
		{4033825C-6BE7-4BCD-8E47-A707B4BE7FF3}.Release|Any CPU.Build.0 = Release|Any CPU
	EndGlobalSection
	GlobalSection(SolutionProperties) = preSolution
		HideSolutionNode = FALSE
	EndGlobalSection
	GlobalSection(ExtensibilityGlobals) = postSolution
		SolutionGuid = {E74FE456-5420-4907-88A0-4A4D55836645}
	EndGlobalSection
EndGlobal
